{
  "originHash" : "0de8b78fbbabfaba4589fa9dbe96eb4c7c0eab915604a5975f96a39f3c1acf73",
  "pins" : [
    {
      "identity" : "viewinspector",
      "kind" : "remoteSourceControl",
      "location" : "https://github.com/nalexn/ViewInspector",
      "state" : {
        "revision" : "a6fcac8485bc8f57b2d2b55bb6d97138e8659e4b",
        "version" : "0.10.2"
      }
    }
  ],
  "version" : 3
}
